
Microsoft Visual Studio Solution File, Format Version 12.00
# Visual Studio Version 17
VisualStudioVersion = 17.2.32519.379
MinimumVisualStudioVersion = 10.0.40219.1
Project("{F184B08F-C81C-45F6-A57F-5ABD9991F28F}") = "BattleMetrics Tool", "BattleMetrics Tool\BattleMetrics Tool.vbproj", "{4987979D-A179-40D0-8CEA-66A1A3776E52}"
EndProject
Global
	GlobalSection(SolutionConfigurationPlatforms) = preSolution
		Debug|Any CPU = Debug|Any CPU
		Release|Any CPU = Release|Any CPU
	EndGlobalSection
	GlobalSection(ProjectConfigurationPlatforms) = postSolution
		{4987979D-A179-40D0-8CEA-66A1A3776E52}.Debug|Any CPU.ActiveCfg = Debug|Any CPU
		{4987979D-A179-40D0-8CEA-66A1A3776E52}.Debug|Any CPU.Build.0 = Debug|Any CPU
		{4987979D-A179-40D0-8CEA-66A1A3776E52}.Release|Any CPU.ActiveCfg = Release|Any CPU
		{4987979D-A179-40D0-8CEA-66A1A3776E52}.Release|Any CPU.Build.0 = Release|Any CPU
	EndGlobalSection
	GlobalSection(SolutionProperties) = preSolution
		HideSolutionNode = FALSE
	EndGlobalSection
	GlobalSection(ExtensibilityGlobals) = postSolution
		SolutionGuid = {F9BBE32A-317D-4B4F-B28D-589B7ED2104F}
	EndGlobalSection
EndGlobal
